PODS:
  - Flutter (1.0.0)
  - native_example (0.0.1):
    - Flutter

DEPENDENCIES:
  - Flutter (from `Flutter`)
  - native_example (from `.symlinks/plugins/native_example/ios`)

EXTERNAL SOURCES:
  Flutter:
    :path: Flutter
  native_example:
    :path: ".symlinks/plugins/native_example/ios"

SPEC CHECKSUMS:
  Flutter: e0871f40cf51350855a761d2e70bf5af5b9b5de7
  native_example: d3b4ff2f1174727392836287c1430a9fdf08f7e3

PODFILE CHECKSUM: 819463e6a0290f5a72f145ba7cde16e8b6ef0796

COCOAPODS: 1.16.2
